
Microsoft Visual Studio Solution File, Format Version 12.00
# Visual Studio Version 17
VisualStudioVersion = 17.2.32630.192
MinimumVisualStudioVersion = 10.0.40219.1
Project("{FAE04EC0-301F-11D3-BF4B-00C04F79EFBC}") = "GroceryShopping.API", "GroceryShopping.API\GroceryShopping.API.csproj", "{82068BA9-A395-4EDA-82F3-CBFFAABDBD0D}"
EndProject
Global
	GlobalSection(SolutionConfigurationPlatforms) = preSolution
		Debug|Any CPU = Debug|Any CPU
		Release|Any CPU = Release|Any CPU
	EndGlobalSection
	GlobalSection(ProjectConfigurationPlatforms) = postSolution
		{82068BA9-A395-4EDA-82F3-CBFFAABDBD0D}.Debug|Any CPU.ActiveCfg = Debug|Any CPU
		{82068BA9-A395-4EDA-82F3-CBFFAABDBD0D}.Debug|Any CPU.Build.0 = Debug|Any CPU
		{82068BA9-A395-4EDA-82F3-CBFFAABDBD0D}.Release|Any CPU.ActiveCfg = Release|Any CPU
		{82068BA9-A395-4EDA-82F3-CBFFAABDBD0D}.Release|Any CPU.Build.0 = Release|Any CPU
	EndGlobalSection
	GlobalSection(SolutionProperties) = preSolution
		HideSolutionNode = FALSE
	EndGlobalSection
	GlobalSection(ExtensibilityGlobals) = postSolution
		SolutionGuid = {08EE6EFE-B5E2-4B2E-9FFF-1F01FEE6F98F}
	EndGlobalSection
EndGlobal
